# This file is automatically @generated by Poetry 2.0.1 and should not be changed by hand.

[[package]]
name = "click"
version = "8.1.8"
description = "Composable command line interface toolkit"
optional = false
python-versions = ">=3.7"
groups = ["main"]
files = [
    {file = "click-8.1.8-py3-none-any.whl", hash = "sha256:63c132bbbed01578a06712a2d1f497bb62d9c1c0d329b7903a866228027263b2"},
    {file = "click-8.1.8.tar.gz", hash = "sha256:ed53c9d8990d83c2a27deae68e4ee337473f6330c040a31d4225c9574d16096a"},
]

[package.dependencies]
colorama = {version = "*", markers = "platform_system == \"Windows\""}

[[package]]
name = "colorama"
version = "0.4.6"
description = "Cross-platform colored terminal text."
optional = false
python-versions = "!=3.0.*,!=3.1.*,!=3.2.*,!=3.3.*,!=3.4.*,!=3.5.*,!=3.6.*,>=2.7"
groups = ["main"]
markers = "platform_system == \"Windows\""
files = [
    {file = "colorama-0.4.6-py2.py3-none-any.whl", hash = "sha256:4f1d9991f5acc0ca119f9d443620b77f9d6b33703e51011c16baf57afb285fc6"},
    {file = "colorama-0.4.6.tar.gz", hash = "sha256:08695f5cb7ed6e0531a20572697297273c47b8cae5a63ffc6d6ed5c201be6e44"},
]

[[package]]
name = "deprecation"
version = "2.1.0"
description = "A library to handle automated deprecations"
optional = false
python-versions = "*"
groups = ["main"]
files = [
    {file = "deprecation-2.1.0-py2.py3-none-any.whl", hash = "sha256:a10811591210e1fb0e768a8c25517cabeabcba6f0bf96564f8ff45189f90b14a"},
    {file = "deprecation-2.1.0.tar.gz", hash = "sha256:72b3bde64e5d778694b0cf68178aed03d15e15477116add3fb773e581f9518ff"},
]

[package.dependencies]
packaging = "*"

[[package]]
name = "grpcio"
version = "1.73.1"
description = "HTTP/2-based RPC framework"
optional = false
python-versions = ">=3.9"
groups = ["main"]
files = [
    {file = "grpcio-1.73.1-cp310-cp310-linux_armv7l.whl", hash = "sha256:2d70f4ddd0a823436c2624640570ed6097e40935c9194482475fe8e3d9754d55"},
    {file = "grpcio-1.73.1-cp310-cp310-macosx_11_0_universal2.whl", hash = "sha256:3841a8a5a66830261ab6a3c2a3dc539ed84e4ab019165f77b3eeb9f0ba621f26"},
    {file = "grpcio-1.73.1-cp310-cp310-manylinux_2_17_aarch64.whl", hash = "sha256:628c30f8e77e0258ab788750ec92059fc3d6628590fb4b7cea8c102503623ed7"},
    {file = "grpcio-1.73.1-cp310-cp310-manylinux_2_17_i686.manylinux2014_i686.whl", hash = "sha256:67a0468256c9db6d5ecb1fde4bf409d016f42cef649323f0a08a72f352d1358b"},
    {file = "grpcio-1.73.1-cp310-cp310-manylinux_2_17_x86_64.manylinux2014_x86_64.whl", hash = "sha256:68b84d65bbdebd5926eb5c53b0b9ec3b3f83408a30e4c20c373c5337b4219ec5"},
    {file = "grpcio-1.73.1-cp310-cp310-musllinux_1_1_aarch64.whl", hash = "sha256:c54796ca22b8349cc594d18b01099e39f2b7ffb586ad83217655781a350ce4da"},
    {file = "grpcio-1.73.1-cp310-cp310-musllinux_1_1_i686.whl", hash = "sha256:75fc8e543962ece2f7ecd32ada2d44c0c8570ae73ec92869f9af8b944863116d"},
    {file = "grpcio-1.73.1-cp310-cp310-musllinux_1_1_x86_64.whl", hash = "sha256:6a6037891cd2b1dd1406b388660522e1565ed340b1fea2955b0234bdd941a862"},
    {file = "grpcio-1.73.1-cp310-cp310-win32.whl", hash = "sha256:cce7265b9617168c2d08ae570fcc2af4eaf72e84f8c710ca657cc546115263af"},
    {file = "grpcio-1.73.1-cp310-cp310-win_amd64.whl", hash = "sha256:6a2b372e65fad38842050943f42ce8fee00c6f2e8ea4f7754ba7478d26a356ee"},
    {file = "grpcio-1.73.1-cp311-cp311-linux_armv7l.whl", hash = "sha256:ba2cea9f7ae4bc21f42015f0ec98f69ae4179848ad744b210e7685112fa507a1"},
    {file = "grpcio-1.73.1-cp311-cp311-macosx_11_0_universal2.whl", hash = "sha256:d74c3f4f37b79e746271aa6cdb3a1d7e4432aea38735542b23adcabaaee0c097"},
    {file = "grpcio-1.73.1-cp311-cp311-manylinux_2_17_aarch64.whl", hash = "sha256:5b9b1805a7d61c9e90541cbe8dfe0a593dfc8c5c3a43fe623701b6a01b01d710"},
    {file = "grpcio-1.73.1-cp311-cp311-manylinux_2_17_i686.manylinux2014_i686.whl", hash = "sha256:b3215f69a0670a8cfa2ab53236d9e8026bfb7ead5d4baabe7d7dc11d30fda967"},
    {file = "grpcio-1.73.1-cp311-cp311-manylinux_2_17_x86_64.manylinux2014_x86_64.whl", hash = "sha256:bc5eccfd9577a5dc7d5612b2ba90cca4ad14c6d949216c68585fdec9848befb1"},
    {file = "grpcio-1.73.1-cp311-cp311-musllinux_1_1_aarch64.whl", hash = "sha256:dc7d7fd520614fce2e6455ba89791458020a39716951c7c07694f9dbae28e9c0"},
    {file = "grpcio-1.73.1-cp311-cp311-musllinux_1_1_i686.whl", hash = "sha256:105492124828911f85127e4825d1c1234b032cb9d238567876b5515d01151379"},
    {file = "grpcio-1.73.1-cp311-cp311-musllinux_1_1_x86_64.whl", hash = "sha256:610e19b04f452ba6f402ac9aa94eb3d21fbc94553368008af634812c4a85a99e"},
    {file = "grpcio-1.73.1-cp311-cp311-win32.whl", hash = "sha256:d60588ab6ba0ac753761ee0e5b30a29398306401bfbceffe7d68ebb21193f9d4"},
    {file = "grpcio-1.73.1-cp311-cp311-win_amd64.whl", hash = "sha256:6957025a4608bb0a5ff42abd75bfbb2ed99eda29d5992ef31d691ab54b753643"},
    {file = "grpcio-1.73.1-cp312-cp312-linux_armv7l.whl", hash = "sha256:921b25618b084e75d424a9f8e6403bfeb7abef074bb6c3174701e0f2542debcf"},
    {file = "grpcio-1.73.1-cp312-cp312-macosx_11_0_universal2.whl", hash = "sha256:277b426a0ed341e8447fbf6c1d6b68c952adddf585ea4685aa563de0f03df887"},
    {file = "grpcio-1.73.1-cp312-cp312-manylinux_2_17_aarch64.whl", hash = "sha256:96c112333309493c10e118d92f04594f9055774757f5d101b39f8150f8c25582"},
    {file = "grpcio-1.73.1-cp312-cp312-manylinux_2_17_i686.manylinux2014_i686.whl", hash = "sha256:f48e862aed925ae987eb7084409a80985de75243389dc9d9c271dd711e589918"},
    {file = "grpcio-1.73.1-cp312-cp312-manylinux_2_17_x86_64.manylinux2014_x86_64.whl", hash = "sha256:83a6c2cce218e28f5040429835fa34a29319071079e3169f9543c3fbeff166d2"},
    {file = "grpcio-1.73.1-cp312-cp312-musllinux_1_1_aarch64.whl", hash = "sha256:65b0458a10b100d815a8426b1442bd17001fdb77ea13665b2f7dc9e8587fdc6b"},
    {file = "grpcio-1.73.1-cp312-cp312-musllinux_1_1_i686.whl", hash = "sha256:0a9f3ea8dce9eae9d7cb36827200133a72b37a63896e0e61a9d5ec7d61a59ab1"},
    {file = "grpcio-1.73.1-cp312-cp312-musllinux_1_1_x86_64.whl", hash = "sha256:de18769aea47f18e782bf6819a37c1c528914bfd5683b8782b9da356506190c8"},
    {file = "grpcio-1.73.1-cp312-cp312-win32.whl", hash = "sha256:24e06a5319e33041e322d32c62b1e728f18ab8c9dbc91729a3d9f9e3ed336642"},
    {file = "grpcio-1.73.1-cp312-cp312-win_amd64.whl", hash = "sha256:303c8135d8ab176f8038c14cc10d698ae1db9c480f2b2823f7a987aa2a4c5646"},
    {file = "grpcio-1.73.1-cp313-cp313-linux_armv7l.whl", hash = "sha256:b310824ab5092cf74750ebd8a8a8981c1810cb2b363210e70d06ef37ad80d4f9"},
    {file = "grpcio-1.73.1-cp313-cp313-macosx_11_0_universal2.whl", hash = "sha256:8f5a6df3fba31a3485096ac85b2e34b9666ffb0590df0cd044f58694e6a1f6b5"},
    {file = "grpcio-1.73.1-cp313-cp313-manylinux_2_17_aarch64.whl", hash = "sha256:052e28fe9c41357da42250a91926a3e2f74c046575c070b69659467ca5aa976b"},
    {file = "grpcio-1.73.1-cp313-cp313-manylinux_2_17_i686.manylinux2014_i686.whl", hash = "sha256:1c0bf15f629b1497436596b1cbddddfa3234273490229ca29561209778ebe182"},
    {file = "grpcio-1.73.1-cp313-cp313-manylinux_2_17_x86_64.manylinux2014_x86_64.whl", hash = "sha256:0ab860d5bfa788c5a021fba264802e2593688cd965d1374d31d2b1a34cacd854"},
    {file = "grpcio-1.73.1-cp313-cp313-musllinux_1_1_aarch64.whl", hash = "sha256:ad1d958c31cc91ab050bd8a91355480b8e0683e21176522bacea225ce51163f2"},
    {file = "grpcio-1.73.1-cp313-cp313-musllinux_1_1_i686.whl", hash = "sha256:f43ffb3bd415c57224c7427bfb9e6c46a0b6e998754bfa0d00f408e1873dcbb5"},
    {file = "grpcio-1.73.1-cp313-cp313-musllinux_1_1_x86_64.whl", hash = "sha256:686231cdd03a8a8055f798b2b54b19428cdf18fa1549bee92249b43607c42668"},
    {file = "grpcio-1.73.1-cp313-cp313-win32.whl", hash = "sha256:89018866a096e2ce21e05eabed1567479713ebe57b1db7cbb0f1e3b896793ba4"},
    {file = "grpcio-1.73.1-cp313-cp313-win_amd64.whl", hash = "sha256:4a68f8c9966b94dff693670a5cf2b54888a48a5011c5d9ce2295a1a1465ee84f"},
    {file = "grpcio-1.73.1-cp39-cp39-linux_armv7l.whl", hash = "sha256:b4adc97d2d7f5c660a5498bda978ebb866066ad10097265a5da0511323ae9f50"},
    {file = "grpcio-1.73.1-cp39-cp39-macosx_11_0_universal2.whl", hash = "sha256:c45a28a0cfb6ddcc7dc50a29de44ecac53d115c3388b2782404218db51cb2df3"},
    {file = "grpcio-1.73.1-cp39-cp39-manylinux_2_17_aarch64.whl", hash = "sha256:10af9f2ab98a39f5b6c1896c6fc2036744b5b41d12739d48bed4c3e15b6cf900"},
    {file = "grpcio-1.73.1-cp39-cp39-manylinux_2_17_i686.manylinux2014_i686.whl", hash = "sha256:45cf17dcce5ebdb7b4fe9e86cb338fa99d7d1bb71defc78228e1ddf8d0de8cbb"},
    {file = "grpcio-1.73.1-cp39-cp39-manylinux_2_17_x86_64.manylinux2014_x86_64.whl", hash = "sha256:1c502c2e950fc7e8bf05c047e8a14522ef7babac59abbfde6dbf46b7a0d9c71e"},
    {file = "grpcio-1.73.1-cp39-cp39-musllinux_1_1_aarch64.whl", hash = "sha256:6abfc0f9153dc4924536f40336f88bd4fe7bd7494f028675e2e04291b8c2c62a"},
    {file = "grpcio-1.73.1-cp39-cp39-musllinux_1_1_i686.whl", hash = "sha256:ed451a0e39c8e51eb1612b78686839efd1a920666d1666c1adfdb4fd51680c0f"},
    {file = "grpcio-1.73.1-cp39-cp39-musllinux_1_1_x86_64.whl", hash = "sha256:07f08705a5505c9b5b0cbcbabafb96462b5a15b7236bbf6bbcc6b0b91e1cbd7e"},
    {file = "grpcio-1.73.1-cp39-cp39-win32.whl", hash = "sha256:ad5c958cc3d98bb9d71714dc69f1c13aaf2f4b53e29d4cc3f1501ef2e4d129b2"},
    {file = "grpcio-1.73.1-cp39-cp39-win_amd64.whl", hash = "sha256:42f0660bce31b745eb9d23f094a332d31f210dcadd0fc8e5be7e4c62a87ce86b"},
    {file = "grpcio-1.73.1.tar.gz", hash = "sha256:7fce2cd1c0c1116cf3850564ebfc3264fba75d3c74a7414373f1238ea365ef87"},
]

[package.extras]
protobuf = ["grpcio-tools (>=1.73.1)"]

[[package]]
name = "hightime"
version = "0.2.2"
description = "Hightime Python API"
optional = false
python-versions = "*"
groups = ["main"]
files = [
    {file = "hightime-0.2.2-py3-none-any.whl", hash = "sha256:5109a449bb3a75dbf305147777de71634c91b943d47cfbee18ed2f34a8307e0b"},
]

[[package]]
name = "ni-measurement-plugin-sdk-service"
version = "2.3.1"
description = "Measurement Plug-In Support for Python"
optional = false
python-versions = "<4.0,>=3.9"
groups = ["main"]
files = [
    {file = "ni_measurement_plugin_sdk_service-2.3.1-py3-none-any.whl", hash = "sha256:465e61f3f533ba9e4629815d3266b0bfe2f5cb440a8057bdf056674c61f18894"},
    {file = "ni_measurement_plugin_sdk_service-2.3.1.tar.gz", hash = "sha256:afd4e08f40e1d11cf58e07d2394dd2a84c22d20972eb3249171200197c8b7d7a"},
]

[package.dependencies]
deprecation = ">=2.1"
grpcio = ">=1.49.1,<2.0.0"
protobuf = ">=4.21"
python-decouple = ">=3.8"
pywin32 = {version = ">=303", markers = "sys_platform == \"win32\""}
traceloggingdynamic = {version = ">=1.0", markers = "sys_platform == \"win32\""}

[package.extras]
drivers = ["nidaqmx[grpc] (>=0.8.0)", "nidcpower[grpc] (>=1.4.4)", "nidigital[grpc] (>=1.4.4)", "nidmm[grpc] (>=1.4.4)", "nifgen[grpc] (>=1.4.4)", "niscope[grpc] (>=1.4.4)", "niswitch[grpc] (>=1.4.4)"]
nidaqmx = ["nidaqmx[grpc] (>=0.8.0)"]
nidcpower = ["nidcpower[grpc] (>=1.4.4)"]
nidigital = ["nidigital[grpc] (>=1.4.4)"]
nidmm = ["nidmm[grpc] (>=1.4.4)"]
nifgen = ["nifgen[grpc] (>=1.4.4)"]
niscope = ["niscope[grpc] (>=1.4.4)"]
niswitch = ["niswitch[grpc] (>=1.4.4)"]

[[package]]
name = "ni-measurementlink-service"
version = "1.4.0"
description = "MeasurementLink Support for Python"
optional = false
python-versions = "<4.0,>=3.8"
groups = ["main"]
files = [
    {file = "ni_measurementlink_service-1.4.0-py3-none-any.whl", hash = "sha256:091f3f28770e6b1d96c7b0a951d5ba2f31959d1b4701011fb2c6ad857f38c33c"},
    {file = "ni_measurementlink_service-1.4.0.tar.gz", hash = "sha256:c79f0c52389e0352ff0484f6becbe84535d5c92c3798e1dfd03ab01381ffcf43"},
]

[package.dependencies]
deprecation = ">=2.1"
grpcio = ">=1.49.1,<2.0.0"
protobuf = ">=4.21,<5.0"
python-decouple = ">=3.8"
pywin32 = {version = ">=303", markers = "sys_platform == \"win32\""}
traceloggingdynamic = {version = ">=1.0", markers = "python_version >= \"3.9\" and python_version < \"4.0\" and sys_platform == \"win32\""}

[package.extras]
drivers = ["nidaqmx[grpc] (>=0.8.0)", "nidcpower[grpc] (>=1.4.4)", "nidigital[grpc] (>=1.4.4)", "nidmm[grpc] (>=1.4.4)", "nifgen[grpc] (>=1.4.4)", "niscope[grpc] (>=1.4.4)", "niswitch[grpc] (>=1.4.4)"]
nidaqmx = ["nidaqmx[grpc] (>=0.8.0)"]
nidcpower = ["nidcpower[grpc] (>=1.4.4)"]
nidigital = ["nidigital[grpc] (>=1.4.4)"]
nidmm = ["nidmm[grpc] (>=1.4.4)"]
nifgen = ["nifgen[grpc] (>=1.4.4)"]
niscope = ["niscope[grpc] (>=1.4.4)"]
niswitch = ["niswitch[grpc] (>=1.4.4)"]

[[package]]
name = "nidcpower"
version = "1.4.9"
description = "NI-DCPower Python API"
optional = false
python-versions = ">=3.9"
groups = ["main"]
files = [
    {file = "nidcpower-1.4.9-py3-none-any.whl", hash = "sha256:ddf9cacc3b0c90f9939233c635d2d77326be706c18b5eda68d92bc855371bfa0"},
    {file = "nidcpower-1.4.9.tar.gz", hash = "sha256:60d63a2a868fd27d2d97506558c776bb0a71d514b14ccb666ebb1f7bb0aaed12"},
]

[package.dependencies]
hightime = ">=0.2.0"

[package.extras]
grpc = ["grpcio (>=1.59.0,<2.0)", "protobuf (>=4.21.6)"]

[[package]]
name = "packaging"
version = "25.0"
description = "Core utilities for Python packages"
optional = false
python-versions = ">=3.8"
groups = ["main"]
files = [
    {file = "packaging-25.0-py3-none-any.whl", hash = "sha256:29572ef2b1f17581046b3a2227d5c611fb25ec70ca1ba8554b24b0e69331a484"},
    {file = "packaging-25.0.tar.gz", hash = "sha256:d443872c98d677bf60f6a1f2f8c1cb748e8fe762d2bf9d3148b5599295b0fc4f"},
]

[[package]]
name = "protobuf"
version = "4.25.8"
description = ""
optional = false
python-versions = ">=3.8"
groups = ["main"]
files = [
    {file = "protobuf-4.25.8-cp310-abi3-win32.whl", hash = "sha256:504435d831565f7cfac9f0714440028907f1975e4bed228e58e72ecfff58a1e0"},
    {file = "protobuf-4.25.8-cp310-abi3-win_amd64.whl", hash = "sha256:bd551eb1fe1d7e92c1af1d75bdfa572eff1ab0e5bf1736716814cdccdb2360f9"},
    {file = "protobuf-4.25.8-cp37-abi3-macosx_10_9_universal2.whl", hash = "sha256:ca809b42f4444f144f2115c4c1a747b9a404d590f18f37e9402422033e464e0f"},
    {file = "protobuf-4.25.8-cp37-abi3-manylinux2014_aarch64.whl", hash = "sha256:9ad7ef62d92baf5a8654fbb88dac7fa5594cfa70fd3440488a5ca3bfc6d795a7"},
    {file = "protobuf-4.25.8-cp37-abi3-manylinux2014_x86_64.whl", hash = "sha256:83e6e54e93d2b696a92cad6e6efc924f3850f82b52e1563778dfab8b355101b0"},
    {file = "protobuf-4.25.8-cp38-cp38-win32.whl", hash = "sha256:27d498ffd1f21fb81d987a041c32d07857d1d107909f5134ba3350e1ce80a4af"},
    {file = "protobuf-4.25.8-cp38-cp38-win_amd64.whl", hash = "sha256:d552c53d0415449c8d17ced5c341caba0d89dbf433698e1436c8fa0aae7808a3"},
    {file = "protobuf-4.25.8-cp39-cp39-win32.whl", hash = "sha256:077ff8badf2acf8bc474406706ad890466274191a48d0abd3bd6987107c9cde5"},
    {file = "protobuf-4.25.8-cp39-cp39-win_amd64.whl", hash = "sha256:f4510b93a3bec6eba8fd8f1093e9d7fb0d4a24d1a81377c10c0e5bbfe9e4ed24"},
    {file = "protobuf-4.25.8-py3-none-any.whl", hash = "sha256:15a0af558aa3b13efef102ae6e4f3efac06f1eea11afb3a57db2901447d9fb59"},
    {file = "protobuf-4.25.8.tar.gz", hash = "sha256:6135cf8affe1fc6f76cced2641e4ea8d3e59518d1f24ae41ba97bcad82d397cd"},
]

[[package]]
name = "python-decouple"
version = "3.8"
description = "Strict separation of settings from code."
optional = false
python-versions = "*"
groups = ["main"]
files = [
    {file = "python-decouple-3.8.tar.gz", hash = "sha256:ba6e2657d4f376ecc46f77a3a615e058d93ba5e465c01bbe57289bfb7cce680f"},
    {file = "python_decouple-3.8-py3-none-any.whl", hash = "sha256:d0d45340815b25f4de59c974b855bb38d03151d81b037d9e3f463b0c9f8cbd66"},
]

[[package]]
name = "pywin32"
version = "310"
description = "Python for Window Extensions"
optional = false
python-versions = "*"
groups = ["main"]
markers = "sys_platform == \"win32\""
files = [
    {file = "pywin32-310-cp310-cp310-win32.whl", hash = "sha256:6dd97011efc8bf51d6793a82292419eba2c71cf8e7250cfac03bba284454abc1"},
    {file = "pywin32-310-cp310-cp310-win_amd64.whl", hash = "sha256:c3e78706e4229b915a0821941a84e7ef420bf2b77e08c9dae3c76fd03fd2ae3d"},
    {file = "pywin32-310-cp310-cp310-win_arm64.whl", hash = "sha256:33babed0cf0c92a6f94cc6cc13546ab24ee13e3e800e61ed87609ab91e4c8213"},
    {file = "pywin32-310-cp311-cp311-win32.whl", hash = "sha256:1e765f9564e83011a63321bb9d27ec456a0ed90d3732c4b2e312b855365ed8bd"},
    {file = "pywin32-310-cp311-cp311-win_amd64.whl", hash = "sha256:126298077a9d7c95c53823934f000599f66ec9296b09167810eb24875f32689c"},
    {file = "pywin32-310-cp311-cp311-win_arm64.whl", hash = "sha256:19ec5fc9b1d51c4350be7bb00760ffce46e6c95eaf2f0b2f1150657b1a43c582"},
    {file = "pywin32-310-cp312-cp312-win32.whl", hash = "sha256:8a75a5cc3893e83a108c05d82198880704c44bbaee4d06e442e471d3c9ea4f3d"},
    {file = "pywin32-310-cp312-cp312-win_amd64.whl", hash = "sha256:bf5c397c9a9a19a6f62f3fb821fbf36cac08f03770056711f765ec1503972060"},
    {file = "pywin32-310-cp312-cp312-win_arm64.whl", hash = "sha256:2349cc906eae872d0663d4d6290d13b90621eaf78964bb1578632ff20e152966"},
    {file = "pywin32-310-cp313-cp313-win32.whl", hash = "sha256:5d241a659c496ada3253cd01cfaa779b048e90ce4b2b38cd44168ad555ce74ab"},
    {file = "pywin32-310-cp313-cp313-win_amd64.whl", hash = "sha256:667827eb3a90208ddbdcc9e860c81bde63a135710e21e4cb3348968e4bd5249e"},
    {file = "pywin32-310-cp313-cp313-win_arm64.whl", hash = "sha256:e308f831de771482b7cf692a1f308f8fca701b2d8f9dde6cc440c7da17e47b33"},
    {file = "pywin32-310-cp38-cp38-win32.whl", hash = "sha256:0867beb8addefa2e3979d4084352e4ac6e991ca45373390775f7084cc0209b9c"},
    {file = "pywin32-310-cp38-cp38-win_amd64.whl", hash = "sha256:30f0a9b3138fb5e07eb4973b7077e1883f558e40c578c6925acc7a94c34eaa36"},
    {file = "pywin32-310-cp39-cp39-win32.whl", hash = "sha256:851c8d927af0d879221e616ae1f66145253537bbdd321a77e8ef701b443a9a1a"},
    {file = "pywin32-310-cp39-cp39-win_amd64.whl", hash = "sha256:96867217335559ac619f00ad70e513c0fcf84b8a3af9fc2bba3b59b97da70475"},
]

[[package]]
name = "traceloggingdynamic"
version = "1.0.1"
description = "Generates Event Tracing for Windows events using TraceLogging"
optional = false
python-versions = ">=3.6"
groups = ["main"]
markers = "sys_platform == \"win32\""
files = [
    {file = "traceloggingdynamic-1.0.1-py3-none-any.whl", hash = "sha256:0e19da491a8960725b3622366487ae35f49d8f595bb2e4e5ce1795eb5928db7c"},
    {file = "traceloggingdynamic-1.0.1.tar.gz", hash = "sha256:d9dd4b291dd04c15e34181eed06f73fdf4ffa7b1f895b78217163def48ab1a52"},
]

[metadata]
lock-version = "2.1"
python-versions = ">=3.9,<4.0"
content-hash = "e9759d4b1613ceb86247cb11d515fa076ae8c2b0a008bc1a2927d98f9620d9b6"
